
Microsoft Visual Studio Solution File, Format Version 12.00
# Visual Studio Version 16
VisualStudioVersion = 16.0.29509.3
MinimumVisualStudioVersion = 10.0.40219.1
Project("{9A19103F-16F7-4668-BE54-9A1E7A4F7556}") = "AppCoreProj", "AppCoreProj\AppCoreProj.csproj", "{D0237E67-6A1A-4516-81AB-1B4A5FAEC775}"
EndProject
Project("{9A19103F-16F7-4668-BE54-9A1E7A4F7556}") = "Entities", "Entities\Entities.csproj", "{C465A966-A2F6-45D4-B09E-21795BF22FCE}"
EndProject
Project("{FAE04EC0-301F-11D3-BF4B-00C04F79EFBC}") = "Contracts", "Contracts\Contracts.csproj", "{3FE647A9-9723-4C11-A55C-A4C6275E4928}"
EndProject
Project("{FAE04EC0-301F-11D3-BF4B-00C04F79EFBC}") = "LoggerServices", "LoggerServices\LoggerServices.csproj", "{B2B10101-1004-4C04-9682-CE9B887EC4C4}"
EndProject
Global
	GlobalSection(SolutionConfigurationPlatforms) = preSolution
		Debug|Any CPU = Debug|Any CPU
		Release|Any CPU = Release|Any CPU
	EndGlobalSection
	GlobalSection(ProjectConfigurationPlatforms) = postSolution
		{D0237E67-6A1A-4516-81AB-1B4A5FAEC775}.Debug|Any CPU.ActiveCfg = Debug|Any CPU
		{D0237E67-6A1A-4516-81AB-1B4A5FAEC775}.Debug|Any CPU.Build.0 = Debug|Any CPU
		{D0237E67-6A1A-4516-81AB-1B4A5FAEC775}.Release|Any CPU.ActiveCfg = Release|Any CPU
		{D0237E67-6A1A-4516-81AB-1B4A5FAEC775}.Release|Any CPU.Build.0 = Release|Any CPU
		{C465A966-A2F6-45D4-B09E-21795BF22FCE}.Debug|Any CPU.ActiveCfg = Debug|Any CPU
		{C465A966-A2F6-45D4-B09E-21795BF22FCE}.Debug|Any CPU.Build.0 = Debug|Any CPU
		{C465A966-A2F6-45D4-B09E-21795BF22FCE}.Release|Any CPU.ActiveCfg = Release|Any CPU
		{C465A966-A2F6-45D4-B09E-21795BF22FCE}.Release|Any CPU.Build.0 = Release|Any CPU
		{3FE647A9-9723-4C11-A55C-A4C6275E4928}.Debug|Any CPU.ActiveCfg = Debug|Any CPU
		{3FE647A9-9723-4C11-A55C-A4C6275E4928}.Debug|Any CPU.Build.0 = Debug|Any CPU
		{3FE647A9-9723-4C11-A55C-A4C6275E4928}.Release|Any CPU.ActiveCfg = Release|Any CPU
		{3FE647A9-9723-4C11-A55C-A4C6275E4928}.Release|Any CPU.Build.0 = Release|Any CPU
		{B2B10101-1004-4C04-9682-CE9B887EC4C4}.Debug|Any CPU.ActiveCfg = Debug|Any CPU
		{B2B10101-1004-4C04-9682-CE9B887EC4C4}.Debug|Any CPU.Build.0 = Debug|Any CPU
		{B2B10101-1004-4C04-9682-CE9B887EC4C4}.Release|Any CPU.ActiveCfg = Release|Any CPU
		{B2B10101-1004-4C04-9682-CE9B887EC4C4}.Release|Any CPU.Build.0 = Release|Any CPU
	EndGlobalSection
	GlobalSection(SolutionProperties) = preSolution
		HideSolutionNode = FALSE
	EndGlobalSection
	GlobalSection(ExtensibilityGlobals) = postSolution
		SolutionGuid = {E09D7F7C-D9B1-41A8-9D1A-B385C53E61D0}
	EndGlobalSection
EndGlobal
